
Microsoft Visual Studio Solution File, Format Version 12.00
# Visual Studio Version 16
VisualStudioVersion = 16.0.31729.503
MinimumVisualStudioVersion = 10.0.40219.1
Project("{FAE04EC0-301F-11D3-BF4B-00C04F79EFBC}") = "BeatSaberBeatmapsFixer", "BeatSaberBeatmapsFixer.csproj", "{BA250EFF-B478-4385-B8C3-D9E1B4DF47AF}"
EndProject
Global
	GlobalSection(SolutionConfigurationPlatforms) = preSolution
		Debug|Any CPU = Debug|Any CPU
		Release|Any CPU = Release|Any CPU
	EndGlobalSection
	GlobalSection(ProjectConfigurationPlatforms) = postSolution
		{BA250EFF-B478-4385-B8C3-D9E1B4DF47AF}.Debug|Any CPU.ActiveCfg = Debug|Any CPU
		{BA250EFF-B478-4385-B8C3-D9E1B4DF47AF}.Debug|Any CPU.Build.0 = Debug|Any CPU
		{BA250EFF-B478-4385-B8C3-D9E1B4DF47AF}.Release|Any CPU.ActiveCfg = Release|Any CPU
		{BA250EFF-B478-4385-B8C3-D9E1B4DF47AF}.Release|Any CPU.Build.0 = Release|Any CPU
	EndGlobalSection
	GlobalSection(SolutionProperties) = preSolution
		HideSolutionNode = FALSE
	EndGlobalSection
	GlobalSection(ExtensibilityGlobals) = postSolution
		SolutionGuid = {9B4EF4DE-D01C-46C5-9E03-23F00FCCE074}
	EndGlobalSection
EndGlobal
